
Microsoft Visual Studio Solution File, Format Version 12.00
# Visual Studio Version 17
VisualStudioVersion = 17.6.33723.286
MinimumVisualStudioVersion = 10.0.40219.1
Project("{FAE04EC0-301F-11D3-BF4B-00C04F79EFBC}") = "LINQSample", "LINQSample\LINQSample.csproj", "{21E98B68-7062-4F98-AB17-027DCC462A51}"
EndProject
Global
	GlobalSection(SolutionConfigurationPlatforms) = preSolution
		Debug|Any CPU = Debug|Any CPU
		Release|Any CPU = Release|Any CPU
	EndGlobalSection
	GlobalSection(ProjectConfigurationPlatforms) = postSolution
		{21E98B68-7062-4F98-AB17-027DCC462A51}.Debug|Any CPU.ActiveCfg = Debug|Any CPU
		{21E98B68-7062-4F98-AB17-027DCC462A51}.Debug|Any CPU.Build.0 = Debug|Any CPU
		{21E98B68-7062-4F98-AB17-027DCC462A51}.Release|Any CPU.ActiveCfg = Release|Any CPU
		{21E98B68-7062-4F98-AB17-027DCC462A51}.Release|Any CPU.Build.0 = Release|Any CPU
	EndGlobalSection
	GlobalSection(SolutionProperties) = preSolution
		HideSolutionNode = FALSE
	EndGlobalSection
	GlobalSection(ExtensibilityGlobals) = postSolution
		SolutionGuid = {9DD3AFB1-21F1-4D4F-8A6F-BB8A9A210A4C}
	EndGlobalSection
EndGlobal
